
Microsoft Visual Studio Solution File, Format Version 12.00
Project("{FAE04EC0-301F-11D3-BF4B-00C04F79EFBC}") = "ConfigurationSettings", "ConfigurationSettings\ConfigurationSettings.csproj", "{52E3A90C-3C79-4682-9D76-231091320C2F}"
EndProject
Project("{FAE04EC0-301F-11D3-BF4B-00C04F79EFBC}") = "StockApp", "StockApp\StockApp.csproj", "{9AB61E7D-4F19-4191-AAAE-7122C6D7567B}"
EndProject
Project("{FAE04EC0-301F-11D3-BF4B-00C04F79EFBC}") = "CRUDExample", "CRUDExample\CRUDExample.csproj", "{0996D969-4BDB-4A6C-A25A-79DC767187B9}"
EndProject
Project("{FAE04EC0-301F-11D3-BF4B-00C04F79EFBC}") = "CRUDExampleTests", "CRUDExampleTests\CRUDExampleTests.csproj", "{8D8DA66F-DAEA-49BD-91BA-BC25C5410AD9}"
EndProject
Project("{2150E333-8FDC-42A3-9474-1A3956D46DE8}") = "xUnit-Lessons", "xUnit-Lessons", "{EB4CCC19-3F9D-4791-BB73-7326E1A7E6C7}"
EndProject
Project("{FAE04EC0-301F-11D3-BF4B-00C04F79EFBC}") = "Entities", "Entities\Entities.csproj", "{0B91CC96-3E8D-4607-AF41-1FC137FF6A36}"
EndProject
Project("{FAE04EC0-301F-11D3-BF4B-00C04F79EFBC}") = "ServiceContracts", "ServiceContracts\ServiceContracts.csproj", "{63F35CB2-B617-42CF-9478-E7FD2F389FC8}"
EndProject
Project("{FAE04EC0-301F-11D3-BF4B-00C04F79EFBC}") = "Services", "Services\Services.csproj", "{40EEFE66-E319-49F8-AF8C-85DA04C8EC9F}"
EndProject
Project("{FAE04EC0-301F-11D3-BF4B-00C04F79EFBC}") = "Extensions", "Extensions\Extensions.csproj", "{39F75C0F-733C-4EB0-BA42-44CFA6E624D2}"
EndProject
Global
	GlobalSection(SolutionConfigurationPlatforms) = preSolution
		Debug|Any CPU = Debug|Any CPU
		Release|Any CPU = Release|Any CPU
	EndGlobalSection
	GlobalSection(ProjectConfigurationPlatforms) = postSolution
		{52E3A90C-3C79-4682-9D76-231091320C2F}.Debug|Any CPU.ActiveCfg = Debug|Any CPU
		{52E3A90C-3C79-4682-9D76-231091320C2F}.Debug|Any CPU.Build.0 = Debug|Any CPU
		{52E3A90C-3C79-4682-9D76-231091320C2F}.Release|Any CPU.ActiveCfg = Release|Any CPU
		{52E3A90C-3C79-4682-9D76-231091320C2F}.Release|Any CPU.Build.0 = Release|Any CPU
		{9AB61E7D-4F19-4191-AAAE-7122C6D7567B}.Debug|Any CPU.ActiveCfg = Debug|Any CPU
		{9AB61E7D-4F19-4191-AAAE-7122C6D7567B}.Debug|Any CPU.Build.0 = Debug|Any CPU
		{9AB61E7D-4F19-4191-AAAE-7122C6D7567B}.Release|Any CPU.ActiveCfg = Release|Any CPU
		{9AB61E7D-4F19-4191-AAAE-7122C6D7567B}.Release|Any CPU.Build.0 = Release|Any CPU
		{0996D969-4BDB-4A6C-A25A-79DC767187B9}.Debug|Any CPU.ActiveCfg = Debug|Any CPU
		{0996D969-4BDB-4A6C-A25A-79DC767187B9}.Debug|Any CPU.Build.0 = Debug|Any CPU
		{0996D969-4BDB-4A6C-A25A-79DC767187B9}.Release|Any CPU.ActiveCfg = Release|Any CPU
		{0996D969-4BDB-4A6C-A25A-79DC767187B9}.Release|Any CPU.Build.0 = Release|Any CPU
		{8D8DA66F-DAEA-49BD-91BA-BC25C5410AD9}.Debug|Any CPU.ActiveCfg = Debug|Any CPU
		{8D8DA66F-DAEA-49BD-91BA-BC25C5410AD9}.Debug|Any CPU.Build.0 = Debug|Any CPU
		{8D8DA66F-DAEA-49BD-91BA-BC25C5410AD9}.Release|Any CPU.ActiveCfg = Release|Any CPU
		{8D8DA66F-DAEA-49BD-91BA-BC25C5410AD9}.Release|Any CPU.Build.0 = Release|Any CPU
		{0B91CC96-3E8D-4607-AF41-1FC137FF6A36}.Debug|Any CPU.ActiveCfg = Debug|Any CPU
		{0B91CC96-3E8D-4607-AF41-1FC137FF6A36}.Debug|Any CPU.Build.0 = Debug|Any CPU
		{0B91CC96-3E8D-4607-AF41-1FC137FF6A36}.Release|Any CPU.ActiveCfg = Release|Any CPU
		{0B91CC96-3E8D-4607-AF41-1FC137FF6A36}.Release|Any CPU.Build.0 = Release|Any CPU
		{63F35CB2-B617-42CF-9478-E7FD2F389FC8}.Debug|Any CPU.ActiveCfg = Debug|Any CPU
		{63F35CB2-B617-42CF-9478-E7FD2F389FC8}.Debug|Any CPU.Build.0 = Debug|Any CPU
		{63F35CB2-B617-42CF-9478-E7FD2F389FC8}.Release|Any CPU.ActiveCfg = Release|Any CPU
		{63F35CB2-B617-42CF-9478-E7FD2F389FC8}.Release|Any CPU.Build.0 = Release|Any CPU
		{40EEFE66-E319-49F8-AF8C-85DA04C8EC9F}.Debug|Any CPU.ActiveCfg = Debug|Any CPU
		{40EEFE66-E319-49F8-AF8C-85DA04C8EC9F}.Debug|Any CPU.Build.0 = Debug|Any CPU
		{40EEFE66-E319-49F8-AF8C-85DA04C8EC9F}.Release|Any CPU.ActiveCfg = Release|Any CPU
		{40EEFE66-E319-49F8-AF8C-85DA04C8EC9F}.Release|Any CPU.Build.0 = Release|Any CPU
		{39F75C0F-733C-4EB0-BA42-44CFA6E624D2}.Debug|Any CPU.ActiveCfg = Debug|Any CPU
		{39F75C0F-733C-4EB0-BA42-44CFA6E624D2}.Debug|Any CPU.Build.0 = Debug|Any CPU
		{39F75C0F-733C-4EB0-BA42-44CFA6E624D2}.Release|Any CPU.ActiveCfg = Release|Any CPU
		{39F75C0F-733C-4EB0-BA42-44CFA6E624D2}.Release|Any CPU.Build.0 = Release|Any CPU
	EndGlobalSection
	GlobalSection(NestedProjects) = preSolution
		{0996D969-4BDB-4A6C-A25A-79DC767187B9} = {EB4CCC19-3F9D-4791-BB73-7326E1A7E6C7}
		{8D8DA66F-DAEA-49BD-91BA-BC25C5410AD9} = {EB4CCC19-3F9D-4791-BB73-7326E1A7E6C7}
		{0B91CC96-3E8D-4607-AF41-1FC137FF6A36} = {EB4CCC19-3F9D-4791-BB73-7326E1A7E6C7}
		{63F35CB2-B617-42CF-9478-E7FD2F389FC8} = {EB4CCC19-3F9D-4791-BB73-7326E1A7E6C7}
		{40EEFE66-E319-49F8-AF8C-85DA04C8EC9F} = {EB4CCC19-3F9D-4791-BB73-7326E1A7E6C7}
		{39F75C0F-733C-4EB0-BA42-44CFA6E624D2} = {EB4CCC19-3F9D-4791-BB73-7326E1A7E6C7}
	EndGlobalSection
EndGlobal
