
Microsoft Visual Studio Solution File, Format Version 12.00
Project("{FAE04EC0-301F-11D3-BF4B-00C04F79EFBC}") = "ConfigurationSettings", "ConfigurationSettings\ConfigurationSettings.csproj", "{52E3A90C-3C79-4682-9D76-231091320C2F}"
EndProject
Project("{FAE04EC0-301F-11D3-BF4B-00C04F79EFBC}") = "StockApp", "StockApp\StockApp.csproj", "{9AB61E7D-4F19-4191-AAAE-7122C6D7567B}"
EndProject
Project("{FAE04EC0-301F-11D3-BF4B-00C04F79EFBC}") = "CRUDExample", "CRUDExample\CRUDExample.csproj", "{0996D969-4BDB-4A6C-A25A-79DC767187B9}"
EndProject
Global
	GlobalSection(SolutionConfigurationPlatforms) = preSolution
		Debug|Any CPU = Debug|Any CPU
		Release|Any CPU = Release|Any CPU
	EndGlobalSection
	GlobalSection(ProjectConfigurationPlatforms) = postSolution
		{52E3A90C-3C79-4682-9D76-231091320C2F}.Debug|Any CPU.ActiveCfg = Debug|Any CPU
		{52E3A90C-3C79-4682-9D76-231091320C2F}.Debug|Any CPU.Build.0 = Debug|Any CPU
		{52E3A90C-3C79-4682-9D76-231091320C2F}.Release|Any CPU.ActiveCfg = Release|Any CPU
		{52E3A90C-3C79-4682-9D76-231091320C2F}.Release|Any CPU.Build.0 = Release|Any CPU
		{9AB61E7D-4F19-4191-AAAE-7122C6D7567B}.Debug|Any CPU.ActiveCfg = Debug|Any CPU
		{9AB61E7D-4F19-4191-AAAE-7122C6D7567B}.Debug|Any CPU.Build.0 = Debug|Any CPU
		{9AB61E7D-4F19-4191-AAAE-7122C6D7567B}.Release|Any CPU.ActiveCfg = Release|Any CPU
		{9AB61E7D-4F19-4191-AAAE-7122C6D7567B}.Release|Any CPU.Build.0 = Release|Any CPU
		{0996D969-4BDB-4A6C-A25A-79DC767187B9}.Debug|Any CPU.ActiveCfg = Debug|Any CPU
		{0996D969-4BDB-4A6C-A25A-79DC767187B9}.Debug|Any CPU.Build.0 = Debug|Any CPU
		{0996D969-4BDB-4A6C-A25A-79DC767187B9}.Release|Any CPU.ActiveCfg = Release|Any CPU
		{0996D969-4BDB-4A6C-A25A-79DC767187B9}.Release|Any CPU.Build.0 = Release|Any CPU
	EndGlobalSection
EndGlobal
